
Microsoft Visual Studio Solution File, Format Version 12.00
# Visual Studio Version 16
VisualStudioVersion = 16.0.28803.352
MinimumVisualStudioVersion = 10.0.40219.1
Project("{FAE04EC0-301F-11D3-BF4B-00C04F79EFBC}") = "DumbSql", "DumbSql.csproj", "{2556D1D9-47BC-4701-AB24-3F927BD10322}"
EndProject
Global
	GlobalSection(SolutionConfigurationPlatforms) = preSolution
		Debug|Any CPU = Debug|Any CPU
		Release|Any CPU = Release|Any CPU
	EndGlobalSection
	GlobalSection(ProjectConfigurationPlatforms) = postSolution
		{2556D1D9-47BC-4701-AB24-3F927BD10322}.Debug|Any CPU.ActiveCfg = Debug|Any CPU
		{2556D1D9-47BC-4701-AB24-3F927BD10322}.Debug|Any CPU.Build.0 = Debug|Any CPU
		{2556D1D9-47BC-4701-AB24-3F927BD10322}.Release|Any CPU.ActiveCfg = Release|Any CPU
		{2556D1D9-47BC-4701-AB24-3F927BD10322}.Release|Any CPU.Build.0 = Release|Any CPU
	EndGlobalSection
	GlobalSection(SolutionProperties) = preSolution
		HideSolutionNode = FALSE
	EndGlobalSection
	GlobalSection(ExtensibilityGlobals) = postSolution
		SolutionGuid = {3D9BCBB7-8928-4D04-A664-4500612BE93E}
	EndGlobalSection
EndGlobal
